
Microsoft Visual Studio Solution File, Format Version 12.00
# Visual Studio Version 17
VisualStudioVersion = 17.11.35222.181
MinimumVisualStudioVersion = 10.0.40219.1
Project("{9A19103F-16F7-4668-BE54-9A1E7A4F7556}") = "CrewService.BlazorUI", "CrewService.BlazorUI\CrewService.BlazorUI.csproj", "{59F9D2F3-2A0D-4F7B-98E0-D08EC208BCD0}"
EndProject
Project("{9A19103F-16F7-4668-BE54-9A1E7A4F7556}") = "CrewService.BlazorUI.Client", "CrewService.BlazorUI.Client\CrewService.BlazorUI.Client.csproj", "{5ECD33E8-7520-4A73-BB9D-5BAE6AF760A9}"
EndProject
Global
	GlobalSection(SolutionConfigurationPlatforms) = preSolution
		Debug|Any CPU = Debug|Any CPU
		Release|Any CPU = Release|Any CPU
	EndGlobalSection
	GlobalSection(ProjectConfigurationPlatforms) = postSolution
		{59F9D2F3-2A0D-4F7B-98E0-D08EC208BCD0}.Debug|Any CPU.ActiveCfg = Debug|Any CPU
		{59F9D2F3-2A0D-4F7B-98E0-D08EC208BCD0}.Debug|Any CPU.Build.0 = Debug|Any CPU
		{59F9D2F3-2A0D-4F7B-98E0-D08EC208BCD0}.Release|Any CPU.ActiveCfg = Release|Any CPU
		{59F9D2F3-2A0D-4F7B-98E0-D08EC208BCD0}.Release|Any CPU.Build.0 = Release|Any CPU
		{5ECD33E8-7520-4A73-BB9D-5BAE6AF760A9}.Debug|Any CPU.ActiveCfg = Debug|Any CPU
		{5ECD33E8-7520-4A73-BB9D-5BAE6AF760A9}.Debug|Any CPU.Build.0 = Debug|Any CPU
		{5ECD33E8-7520-4A73-BB9D-5BAE6AF760A9}.Release|Any CPU.ActiveCfg = Release|Any CPU
		{5ECD33E8-7520-4A73-BB9D-5BAE6AF760A9}.Release|Any CPU.Build.0 = Release|Any CPU
	EndGlobalSection
	GlobalSection(SolutionProperties) = preSolution
		HideSolutionNode = FALSE
	EndGlobalSection
	GlobalSection(ExtensibilityGlobals) = postSolution
		SolutionGuid = {F6B50E08-2F21-44EB-B2C0-849BE36E3DD3}
	EndGlobalSection
EndGlobal
